
Microsoft Visual Studio Solution File, Format Version 12.00
# Visual Studio Version 16
VisualStudioVersion = 16.0.30114.105
MinimumVisualStudioVersion = 10.0.40219.1
Project("{9A19103F-16F7-4668-BE54-9A1E7A4F7556}") = "PDFiller", "PDFiller\PDFiller.csproj", "{F506C326-2716-42FF-9F64-D72C5FFA0F3E}"
EndProject
Project("{9A19103F-16F7-4668-BE54-9A1E7A4F7556}") = "PDFiller.Domain", "PDFiller.Domain\PDFiller.Domain.csproj", "{5E519457-CE79-4B46-87F3-766C30EF4075}"
EndProject
Project("{9A19103F-16F7-4668-BE54-9A1E7A4F7556}") = "PDFiller.Domain.Tests", "PDFiller.Domain.Tests\PDFiller.Domain.Tests.csproj", "{F92AAD80-786D-44D6-A0D9-29DEAF75376F}"
EndProject
Project("{FAE04EC0-301F-11D3-BF4B-00C04F79EFBC}") = "PDFiller.CodeGeneration", "PDFiller.CodeGeneration\PDFiller.CodeGeneration.csproj", "{7396FF3D-4DB9-44A3-A5E8-908A8A684C89}"
EndProject
Project("{FAE04EC0-301F-11D3-BF4B-00C04F79EFBC}") = "PDFiller.CodeGeneration.Tests", "PDFiller.CodeGeneration.Tests\PDFiller.CodeGeneration.Tests.csproj", "{A514961E-EEF2-495D-8D67-D110E956E88A}"
EndProject
Global
	GlobalSection(SolutionConfigurationPlatforms) = preSolution
		Debug|Any CPU = Debug|Any CPU
		Release|Any CPU = Release|Any CPU
	EndGlobalSection
	GlobalSection(ProjectConfigurationPlatforms) = postSolution
		{F506C326-2716-42FF-9F64-D72C5FFA0F3E}.Debug|Any CPU.ActiveCfg = Debug|Any CPU
		{F506C326-2716-42FF-9F64-D72C5FFA0F3E}.Debug|Any CPU.Build.0 = Debug|Any CPU
		{F506C326-2716-42FF-9F64-D72C5FFA0F3E}.Release|Any CPU.ActiveCfg = Release|Any CPU
		{F506C326-2716-42FF-9F64-D72C5FFA0F3E}.Release|Any CPU.Build.0 = Release|Any CPU
		{5E519457-CE79-4B46-87F3-766C30EF4075}.Debug|Any CPU.ActiveCfg = Debug|Any CPU
		{5E519457-CE79-4B46-87F3-766C30EF4075}.Debug|Any CPU.Build.0 = Debug|Any CPU
		{5E519457-CE79-4B46-87F3-766C30EF4075}.Release|Any CPU.ActiveCfg = Release|Any CPU
		{5E519457-CE79-4B46-87F3-766C30EF4075}.Release|Any CPU.Build.0 = Release|Any CPU
		{F92AAD80-786D-44D6-A0D9-29DEAF75376F}.Debug|Any CPU.ActiveCfg = Debug|Any CPU
		{F92AAD80-786D-44D6-A0D9-29DEAF75376F}.Debug|Any CPU.Build.0 = Debug|Any CPU
		{F92AAD80-786D-44D6-A0D9-29DEAF75376F}.Release|Any CPU.ActiveCfg = Release|Any CPU
		{F92AAD80-786D-44D6-A0D9-29DEAF75376F}.Release|Any CPU.Build.0 = Release|Any CPU
		{7396FF3D-4DB9-44A3-A5E8-908A8A684C89}.Debug|Any CPU.ActiveCfg = Debug|Any CPU
		{7396FF3D-4DB9-44A3-A5E8-908A8A684C89}.Debug|Any CPU.Build.0 = Debug|Any CPU
		{7396FF3D-4DB9-44A3-A5E8-908A8A684C89}.Release|Any CPU.ActiveCfg = Release|Any CPU
		{7396FF3D-4DB9-44A3-A5E8-908A8A684C89}.Release|Any CPU.Build.0 = Release|Any CPU
		{A514961E-EEF2-495D-8D67-D110E956E88A}.Debug|Any CPU.ActiveCfg = Debug|Any CPU
		{A514961E-EEF2-495D-8D67-D110E956E88A}.Debug|Any CPU.Build.0 = Debug|Any CPU
		{A514961E-EEF2-495D-8D67-D110E956E88A}.Release|Any CPU.ActiveCfg = Release|Any CPU
		{A514961E-EEF2-495D-8D67-D110E956E88A}.Release|Any CPU.Build.0 = Release|Any CPU
	EndGlobalSection
	GlobalSection(SolutionProperties) = preSolution
		HideSolutionNode = FALSE
	EndGlobalSection
	GlobalSection(ExtensibilityGlobals) = postSolution
		SolutionGuid = {C1F650CC-A5C0-4533-9FA9-A6946F3CDAB8}
	EndGlobalSection
EndGlobal
